
Microsoft Visual Studio Solution File, Format Version 12.00
# Visual Studio Version 17
VisualStudioVersion = 17.0.32014.148
MinimumVisualStudioVersion = 10.0.40219.1
Project("{E24C65DC-7377-472B-9ABA-BC803B73C61A}") = "Jobify", "Jobify\", "{F6913713-3016-4D07-B73C-23F5C54BD95E}"
	ProjectSection(WebsiteProperties) = preProject
		TargetFrameworkMoniker = ".NETFramework,Version%3Dv4.8"
		Debug.AspNetCompiler.VirtualPath = "/localhost_55264"
		Debug.AspNetCompiler.PhysicalPath = "Jobify\"
		Debug.AspNetCompiler.TargetPath = "PrecompiledWeb\localhost_55264\"
		Debug.AspNetCompiler.Updateable = "true"
		Debug.AspNetCompiler.ForceOverwrite = "true"
		Debug.AspNetCompiler.FixedNames = "false"
		Debug.AspNetCompiler.Debug = "True"
		Release.AspNetCompiler.VirtualPath = "/localhost_55264"
		Release.AspNetCompiler.PhysicalPath = "Jobify\"
		Release.AspNetCompiler.TargetPath = "PrecompiledWeb\localhost_55264\"
		Release.AspNetCompiler.Updateable = "true"
		Release.AspNetCompiler.ForceOverwrite = "true"
		Release.AspNetCompiler.FixedNames = "false"
		Release.AspNetCompiler.Debug = "False"
		VWDPort = "55264"
		SlnRelativePath = "Jobify\"
		DefaultWebSiteLanguage = "Visual C#"
	EndProjectSection
EndProject
Global
	GlobalSection(SolutionConfigurationPlatforms) = preSolution
		Debug|Any CPU = Debug|Any CPU
	EndGlobalSection
	GlobalSection(ProjectConfigurationPlatforms) = postSolution
		{F6913713-3016-4D07-B73C-23F5C54BD95E}.Debug|Any CPU.ActiveCfg = Debug|Any CPU
		{F6913713-3016-4D07-B73C-23F5C54BD95E}.Debug|Any CPU.Build.0 = Debug|Any CPU
	EndGlobalSection
	GlobalSection(SolutionProperties) = preSolution
		HideSolutionNode = FALSE
	EndGlobalSection
	GlobalSection(ExtensibilityGlobals) = postSolution
		SolutionGuid = {5BFAD0B6-FE4F-4E41-90BE-405DBD92EB8E}
	EndGlobalSection
EndGlobal
